<?xml version="1.0" encoding="UTF-8" standalone="yes" ?>
<CodeBlocks_project_file>
	<FileVersion major="1" minor="6" />
	<Project>
		<Option title="dune-stokes" />
		<Option pch_mode="2" />
		<Option compiler="gcc" />
		<Option virtualFolders="dune-stokes/;elliptic/;dune-stuff/;dune-fem/;darcy/;" />
		<Build>
			<Target title="uni">
				<Option output="bin/Debug/dune-stokes" prefix_auto="1" extension_auto="1" />
				<Option working_dir="../src/" />
				<Option object_output="obj/Debug/" />
				<Option type="1" />
				<Option compiler="gcc" />
				<Option parameters="test.param" />
				<Compiler>
					<Add option="-g" />
				</Compiler>
				<Linker>
					<Add library="blas" />
					<Add directory="/share/dune/Modules/modules_x86_64/grape" />
				</Linker>
			</Target>
			<Target title="felix">
				<Option output="bin/Release/dune-stokes" prefix_auto="1" extension_auto="1" />
				<Option working_dir="../src/" />
				<Option object_output="obj/Release/" />
				<Option type="1" />
				<Option compiler="gcc" />
				<Option parameters="test.param" />
				<Compiler>
					<Add option="-O" />
					<Add option="-g" />
					<Add directory="/usr/local/dune/modules/alberta/alberta-1.2/include" />
					<Add directory="/usr/local/dune/modules/alugrid/alugrid-1.14/include" />
					<Add directory="/usr/local/dune/modules/alugrid/alugrid-1.14/include/parallel" />
					<Add directory="/usr/local/dune/modules/alugrid/alugrid-1.14/include/serial" />
					<Add directory="/data/dune_work/private/f_albr01/modules/grape" />
					<Add directory="/data/dune_work/private/f_albr01/modules/alberta-2.01/include" />
					<Add directory="/data/dune_work/private/f_albr01/modules/alugrid-1.14/include" />
					<Add directory="/data/dune_work/private/f_albr01/modules/alugrid-1.14/include/parallel" />
					<Add directory="/data/dune_work/private/f_albr01/modules/alugrid-1.14/include/serial" />
					<Add directory="/usr/local/grape" />
				</Compiler>
				<Linker>
					<Add library="blas" />
					<Add directory="/usr/local/dune/modules/alberta/alberta-1.2/lib" />
					<Add directory="/usr/local/dune/modules/alugrid/alugrid-1.14/lib" />
					<Add directory="/data/dune_work/private/f_albr01/modules/grape" />
					<Add directory="/data/dune_work/private/f_albr01/modules/alberta-2.01/lib" />
					<Add directory="/data/dune_work/private/f_albr01/modules/alugrid-1.14/lib" />
					<Add directory="/usr/local/grape" />
				</Linker>
			</Target>
			<Target title="rene">
				<Option output="bin/Debug/dune-stokes" prefix_auto="1" extension_auto="1" />
				<Option working_dir="../src/" />
				<Option object_output="obj/Debug/" />
				<Option type="1" />
				<Option compiler="gcc" />
				<Option parameters="test.param" />
				<Compiler>
					<Add option="-g" />
					<Add directory="/share/dune/Modules/modules_i386/ALUGrid-1.14/include" />
					<Add directory="/share/dune/Modules/modules_i386/ALUGrid-1.14/include/parallel" />
					<Add directory="/share/dune/Modules/modules_i386/ALUGrid-1.14/include/serial" />
				</Compiler>
				<Linker>
					<Add option="/usr/lib/libSM.so.6" />
					<Add library="blas" />
					<Add directory="/share/dune/Modules/modules_x86_64/grape" />
					<Add directory="/share/dune/Modules/modules_i386/ALUGrid-1.14/lib" />
					<Add directory="/usr/lib" />
				</Linker>
			</Target>
			<Target title="uni_elliptic">
				<Option output="bin/Debug/dune-stokes" prefix_auto="1" extension_auto="1" />
				<Option working_dir="../src/" />
				<Option object_output="obj/Debug/" />
				<Option type="1" />
				<Option compiler="gcc" />
				<Option parameters="test.param" />
				<Compiler>
					<Add option="-g" />
				</Compiler>
				<Linker>
					<Add library="blas" />
					<Add directory="/share/dune/Modules/modules_x86_64/grape" />
				</Linker>
			</Target>
			<Target title="rene_elliptic">
				<Option output="bin/Debug/dune-stokes" prefix_auto="1" extension_auto="1" />
				<Option working_dir="../src/" />
				<Option object_output="obj/Debug/" />
				<Option type="1" />
				<Option compiler="gcc" />
				<Option parameters="test.param" />
				<Compiler>
					<Add option="-g" />
					<Add directory="/share/dune/Modules/modules_i386/ALUGrid-1.14/include" />
					<Add directory="/share/dune/Modules/modules_i386/ALUGrid-1.14/include/parallel" />
					<Add directory="/share/dune/Modules/modules_i386/ALUGrid-1.14/include/serial" />
				</Compiler>
				<Linker>
					<Add option="/usr/lib/libSM.so.6" />
					<Add library="blas" />
					<Add directory="/share/dune/Modules/modules_x86_64/grape" />
					<Add directory="/share/dune/Modules/modules_i386/ALUGrid-1.14/lib" />
					<Add directory="/usr/lib" />
				</Linker>
			</Target>
			<Target title="darcy_felix">
				<Option output="bin/Debug/darcy" prefix_auto="1" extension_auto="1" />
				<Option working_dir="../darcy/" />
				<Option object_output="obj/Debug/" />
				<Option type="1" />
				<Option compiler="gcc" />
				<Option parameters="../darcy/darcy.param" />
				<Compiler>
					<Add option="-g" />
					<Add option="-DMACRO_POLORDER=1" />
					<Add option="-DMACRO_PROBLEM=MACRO_PROBLEM" />
					<Add option="-DMACRO_CG_SOLVERTYPE=CGInverseOp" />
					<Add option="-DMICRO_POLORDER=1" />
					<Add option="-DMICRO_PROBLEM=MICRO_PROBLEM" />
					<Add option="-DENABLE_ALBERTA" />
					<Add option="-DHAVE_ALBERTA" />
					<Add option="-DALBERTAGRID" />
					<Add directory="/usr/local/dune/modules/alberta/alberta-1.2/include" />
					<Add directory="/usr/local/dune/modules/alugrid/alugrid-1.14/include" />
					<Add directory="/usr/local/dune/modules/alugrid/alugrid-1.14/include/parallel" />
					<Add directory="/usr/local/dune/modules/alugrid/alugrid-1.14/include/serial" />
					<Add directory="/data/dune_work/private/f_albr01/modules/grape" />
					<Add directory="/data/dune_work/private/f_albr01/modules/alberta-2.01/include" />
					<Add directory="/data/dune_work/private/f_albr01/modules/alugrid-1.14/include" />
					<Add directory="/data/dune_work/private/f_albr01/modules/alugrid-1.14/include/parallel" />
					<Add directory="/data/dune_work/private/f_albr01/modules/alugrid-1.14/include/serial" />
					<Add directory="/usr/local/grape" />
				</Compiler>
				<Linker>
					<Add option="-s" />
					<Add option="/usr/lib/libSM.so.6" />
					<Add library="blas" />
					<Add directory="/usr/local/dune/modules/alberta/alberta-1.2/lib" />
					<Add directory="/usr/local/dune/modules/alugrid/alugrid-1.14/lib" />
					<Add directory="/data/dune_work/private/f_albr01/modules/grape" />
					<Add directory="/data/dune_work/private/f_albr01/modules/alberta-2.01/lib" />
					<Add directory="/data/dune_work/private/f_albr01/modules/alugrid-1.14/lib" />
					<Add directory="/usr/local/grape" />
					<Add directory="/usr/lib" />
				</Linker>
			</Target>
			<Target title="darcy_felix_uni">
				<Option output="bin/Debug/darcy" prefix_auto="1" extension_auto="1" />
				<Option working_dir="../darcy/" />
				<Option object_output="obj/Debug/" />
				<Option type="1" />
				<Option compiler="gcc" />
				<Option parameters="../darcy/darcy.param" />
				<Compiler>
					<Add option="-O" />
					<Add option="-g" />
					<Add option="-DMACRO_POLORDER=1" />
					<Add option="-DMACRO_PROBLEM=MACRO_PROBLEM" />
					<Add option="-DMACRO_CG_SOLVERTYPE=CGInverseOp" />
					<Add option="-DMICRO_POLORDER=1" />
					<Add option="-DMICRO_PROBLEM=MICRO_PROBLEM" />
					<Add option="-DENABLE_ALBERTA" />
					<Add option="-DHAVE_ALBERTA" />
					<Add option="-DALBERTAGRID" />
					<Add directory="/usr/local/dune/modules/alberta/alberta-1.2/include" />
					<Add directory="/usr/local/dune/modules/alugrid/alugrid-1.14/include" />
					<Add directory="/usr/local/dune/modules/alugrid/alugrid-1.14/include/parallel" />
					<Add directory="/usr/local/dune/modules/alugrid/alugrid-1.14/include/serial" />
					<Add directory="/data/dune_work/private/f_albr01/modules/grape" />
					<Add directory="/data/dune_work/private/f_albr01/modules/alberta-2.01/include" />
					<Add directory="/data/dune_work/private/f_albr01/modules/alugrid-1.14/include" />
					<Add directory="/data/dune_work/private/f_albr01/modules/alugrid-1.14/include/parallel" />
					<Add directory="/data/dune_work/private/f_albr01/modules/alugrid-1.14/include/serial" />
					<Add directory="/usr/local/grape" />
				</Compiler>
				<Linker>
					<Add library="blas" />
					<Add directory="/usr/local/dune/modules/alberta/alberta-1.2/lib" />
					<Add directory="/usr/local/dune/modules/alugrid/alugrid-1.14/lib" />
					<Add directory="/data/dune_work/private/f_albr01/modules/grape" />
					<Add directory="/data/dune_work/private/f_albr01/modules/alberta-2.01/lib" />
					<Add directory="/data/dune_work/private/f_albr01/modules/alugrid-1.14/lib" />
					<Add directory="/usr/local/grape" />
				</Linker>
			</Target>
		</Build>
		<Compiler>
			<Add option="-Wall" />
			<Add option="-g" />
			<Add option="-fexceptions" />
			<Add option="-DENABLE_UG" />
			<Add option="-DUGGRID" />
			<Add option="-DGRIDDIM=2" />
			<Add option="-DPOLORDER=1" />
			<Add option="-DHAVE_CONFIG_H" />
			<Add option="-DDUNE_FEM_COMPATIBILITY" />
			<Add option="-DADAPTIVE_SOLVER" />
			<Add option="-DUSE_BFG_CG_SCHEME" />
			<Add option="-DUSE_ALTERNATIVE_SOLVER" />
			<Add option="-DHAVE_UG" />
			<Add directory="../../dune-stokes/" />
			<Add directory="../../dune-common/" />
			<Add directory="../../dune-stuff/" />
			<Add directory="../../dune-grid/" />
			<Add directory="../../dune-istl/" />
			<Add directory="../../dune-fem/" />
			<Add directory="/share/dune/Modules/modules_x86_64/alberta-1.2/include" />
			<Add directory="/share/dune/Modules/modules_x86_64/ALUGrid-1.14/include" />
			<Add directory="/share/dune/Modules/modules_x86_64/ALUGrid-1.14/include/parallel" />
			<Add directory="/share/dune/Modules/modules_x86_64/ALUGrid-1.14/include/serial" />
			<Add directory="/share/dune/Modules/modules_x86_64/grape/" />
			<Add directory="/share/dune/Modules/modules_x86_64/ug/include" />
		</Compiler>
		<Linker>
			<Add library="libalugrid.a" />
			<Add library="SM" />
			<Add library="ICE" />
			<Add library="../../dune-fem/lib/.libs/libdunefem.a" />
			<Add library="../../dune-grid/lib/.libs/libdunegrid.a" />
			<Add library="../../dune-common/lib/.libs/libdunecommon.a" />
			<Add library="m" />
			<Add library="ugS2" />
			<Add library="ugS3" />
			<Add library="devS" />
			<Add library="ALBERTA22_1" />
			<Add library="ALBERTA22_0" />
			<Add library="alberta_util" />
			<Add directory="../../dune-common/lib" />
			<Add directory="../../dune-grid/lib" />
			<Add directory="../../dune-fem/lib" />
			<Add directory="/usr/local/alugrid-1.1/lib" />
			<Add directory="/usr/local/alberta-1.2/lib" />
			<Add directory="/usr/lib/X11/" />
			<Add directory="/share/dune/Modules/modules_x86_64/alberta-1.2/lib" />
			<Add directory="/share/dune/Modules/modules_x86_64/ALUGrid-1.1_Parallel/lib" />
			<Add directory="/usr/lib64" />
			<Add directory="/share/dune/Modules/modules_x86_64/ug/lib" />
		</Linker>
		<Unit filename="../../dune-fem/fem/operator/matrix/spmatrix.hh">
			<Option virtualFolder="dune-fem/" />
			<Option target="&lt;{~None~}&gt;" />
		</Unit>
		<Unit filename="../../dune-fem/fem/space/dgspace/orthonormalbase_2d.cc">
			<Option virtualFolder="dune-fem/" />
			<Option target="&lt;{~None~}&gt;" />
		</Unit>
		<Unit filename="../darcy/Makefile.am">
			<Option virtualFolder="darcy/" />
			<Option target="darcy_felix" />
			<Option target="darcy_felix_uni" />
		</Unit>
		<Unit filename="../darcy/analyticaldarcydata.hh">
			<Option virtualFolder="darcy/" />
			<Option target="darcy_felix" />
			<Option target="darcy_felix_uni" />
		</Unit>
		<Unit filename="../darcy/darcy.cc">
			<Option virtualFolder="darcy/" />
			<Option target="darcy_felix" />
			<Option target="darcy_felix_uni" />
		</Unit>
		<Unit filename="../darcy/darcy.param">
			<Option virtualFolder="darcy/" />
			<Option target="darcy_felix" />
			<Option target="darcy_felix_uni" />
		</Unit>
		<Unit filename="../darcy/elementintegrators.hh">
			<Option virtualFolder="darcy/" />
			<Option target="darcy_felix" />
			<Option target="darcy_felix_uni" />
		</Unit>
		<Unit filename="../darcy/ellipticmodels.hh">
			<Option virtualFolder="darcy/" />
			<Option target="darcy_felix" />
			<Option target="darcy_felix_uni" />
		</Unit>
		<Unit filename="../elliptic/Makefile.am">
			<Option virtualFolder="elliptic/" />
			<Option target="uni_elliptic" />
			<Option target="rene_elliptic" />
		</Unit>
		<Unit filename="../elliptic/elementintegratortraits.hh">
			<Option virtualFolder="elliptic/" />
			<Option target="uni" />
			<Option target="felix" />
			<Option target="rene" />
			<Option target="uni_elliptic" />
			<Option target="rene_elliptic" />
		</Unit>
		<Unit filename="../elliptic/elliptic.cc">
			<Option virtualFolder="elliptic/" />
			<Option target="felix" />
			<Option target="rene" />
			<Option target="uni_elliptic" />
			<Option target="rene_elliptic" />
		</Unit>
		<Unit filename="../elliptic/grid_2d.dgf">
			<Option virtualFolder="elliptic/" />
			<Option target="uni_elliptic" />
			<Option target="rene_elliptic" />
		</Unit>
		<Unit filename="../elliptic/grid_3d.dgf">
			<Option virtualFolder="elliptic/" />
			<Option target="uni_elliptic" />
			<Option target="rene_elliptic" />
		</Unit>
		<Unit filename="../elliptic/model.hh">
			<Option virtualFolder="elliptic/" />
			<Option target="uni" />
			<Option target="felix" />
			<Option target="rene" />
			<Option target="uni_elliptic" />
			<Option target="rene_elliptic" />
		</Unit>
		<Unit filename="../elliptic/simpleelementintegrator.h">
			<Option virtualFolder="elliptic/" />
			<Option target="uni_elliptic" />
			<Option target="rene_elliptic" />
		</Unit>
		<Unit filename="../elliptic/test.param">
			<Option virtualFolder="elliptic/" />
			<Option target="uni_elliptic" />
			<Option target="rene_elliptic" />
		</Unit>
		<Unit filename="../src/Makefile.am">
			<Option virtualFolder="dune-stokes/" />
			<Option target="uni" />
			<Option target="felix" />
			<Option target="rene" />
			<Option target="uni_elliptic" />
			<Option target="rene_elliptic" />
		</Unit>
		<Unit filename="../src/analyticaldata.hh">
			<Option virtualFolder="dune-stokes/" />
			<Option target="uni" />
			<Option target="felix" />
			<Option target="rene" />
			<Option target="uni_elliptic" />
			<Option target="rene_elliptic" />
		</Unit>
		<Unit filename="../src/dune_stokes.cc">
			<Option virtualFolder="dune-stokes/" />
			<Option target="uni" />
			<Option target="felix" />
			<Option target="rene" />
		</Unit>
		<Unit filename="../src/pressure.hh">
			<Option virtualFolder="dune-stokes/" />
			<Option target="uni" />
			<Option target="felix" />
			<Option target="rene" />
			<Option target="uni_elliptic" />
			<Option target="rene_elliptic" />
		</Unit>
		<Unit filename="../src/problem.hh">
			<Option virtualFolder="dune-stokes/" />
			<Option target="uni" />
			<Option target="felix" />
			<Option target="rene" />
			<Option target="uni_elliptic" />
			<Option target="rene_elliptic" />
		</Unit>
		<Unit filename="../src/reference.param">
			<Option virtualFolder="dune-stokes/" />
		</Unit>
		<Unit filename="../src/velocity.hh">
			<Option virtualFolder="dune-stokes/" />
			<Option target="uni" />
			<Option target="felix" />
			<Option target="rene" />
			<Option target="uni_elliptic" />
			<Option target="rene_elliptic" />
		</Unit>
		<Unit filename="../stokes/cghelper.hh">
			<Option virtualFolder="dune-stokes/" />
		</Unit>
		<Unit filename="../stokes/discretegradientpass.hh">
			<Option virtualFolder="dune-stokes/" />
		</Unit>
		<Unit filename="../stokes/discretestokesfunctionspacewrapper.hh">
			<Option virtualFolder="dune-stokes/" />
		</Unit>
		<Unit filename="../stokes/discretestokesmodelinterface.hh">
			<Option virtualFolder="dune-stokes/" />
		</Unit>
		<Unit filename="../stokes/saddlepoint_inverse_operator.hh">
			<Option virtualFolder="dune-stokes/" />
		</Unit>
		<Unit filename="../stokes/stokespass.hh">
			<Option virtualFolder="dune-stokes/" />
		</Unit>
		<Unit filename="../../dune-stuff/stuff/functions.hh">
			<Option virtualFolder="dune-stuff/" />
		</Unit>
		<Unit filename="../../dune-stuff/stuff/grid.hh">
			<Option virtualFolder="dune-stuff/" />
		</Unit>
		<Unit filename="../../dune-stuff/stuff/logging.hh">
			<Option virtualFolder="dune-stuff/" />
		</Unit>
		<Unit filename="../../dune-stuff/stuff/misc.hh">
			<Option virtualFolder="dune-stuff/" />
		</Unit>
		<Unit filename="../../dune-stuff/stuff/parametercontainer.hh">
			<Option virtualFolder="dune-stuff/" />
		</Unit>
		<Unit filename="../../dune-stuff/stuff/postprocessing.hh">
			<Option virtualFolder="dune-stuff/" />
		</Unit>
		<Unit filename="../../dune-stuff/stuff/printing.hh">
			<Option virtualFolder="dune-stuff/" />
		</Unit>
		<Unit filename="../../dune-stuff/stuff/profiler.hh">
			<Option virtualFolder="dune-stuff/" />
		</Unit>
		<Extensions>
			<code_completion />
			<envvars />
			<debugger />
		</Extensions>
	</Project>
</CodeBlocks_project_file>
